# THIS IS AN AUTOGENERATED FILE. DO NOT EDIT THIS FILE DIRECTLY.
# yarn lockfile v1


"@types/bunyan@*":
  version "1.8.6"
  resolved "https://registry.yarnpkg.com/@types/bunyan/-/bunyan-1.8.6.tgz#6527641cca30bedec5feb9ab527b7803b8000582"
  integrity sha512-YiozPOOsS6bIuz31ilYqR5SlLif4TBWsousN2aCWLi5233nZSX19tFbcQUPdR7xJ8ypPyxkCGNxg0CIV5n9qxQ==
  dependencies:
    "@types/node" "*"

"@types/connect@*":
  version "3.4.32"
  resolved "https://registry.yarnpkg.com/@types/connect/-/connect-3.4.32.tgz#aa0e9616b9435ccad02bc52b5b454ffc2c70ba28"
  integrity sha512-4r8qa0quOvh7lGD0pre62CAb1oni1OO6ecJLGCezTmhQ8Fz50Arx9RUszryR8KlgK6avuSXvviL6yWyViQABOg==
  dependencies:
    "@types/node" "*"

"@types/hexo-util@*":
  version "0.6.2"
  resolved "https://registry.yarnpkg.com/@types/hexo-util/-/hexo-util-0.6.2.tgz#c76b5b0155f54105579228c94a8051fa442b3d90"
  integrity sha512-8dsj6xjGsopvLxBJoDMN9qnulpPh3E4/REAkoExuY+R1vz4cY4xeIAMM62YA8FAZG4mKoF2Cbipqbn85cZEM+w==
  dependencies:
    "@types/node" "*"

"@types/hexo@^3.8.2":
  version "3.8.2"
  resolved "https://registry.yarnpkg.com/@types/hexo/-/hexo-3.8.2.tgz#e190d46307496adc291496b3e9e8e9cb895311c6"
  integrity sha512-/gpbFNAdlSLzDi4IHZ2lmgBq2Y48J8gJYDSeHdfZ8T5Ju5ghGkdJEPmzgS6yNYF7CFd7HEeeXAJ3ut6lqCNqIQ==
  dependencies:
    "@types/bunyan" "*"
    "@types/connect" "*"
    "@types/hexo-util" "*"
    "@types/minimist" "*"
    "@types/underscore" "*"
    moment "^2.19.4"

"@types/minimist@*":
  version "1.2.0"
  resolved "https://registry.yarnpkg.com/@types/minimist/-/minimist-1.2.0.tgz#69a23a3ad29caf0097f06eda59b361ee2f0639f6"
  integrity sha1-aaI6OtKcrwCX8G7aWbNh7i8GOfY=

"@types/node@*":
  version "12.12.7"
  resolved "https://registry.yarnpkg.com/@types/node/-/node-12.12.7.tgz#01e4ea724d9e3bd50d90c11fd5980ba317d8fa11"
  integrity sha512-E6Zn0rffhgd130zbCbAr/JdXfXkoOUFAKNs/rF8qnafSJ8KYaA/j3oz7dcwal+lYjLA7xvdd5J4wdYpCTlP8+w==

"@types/underscore@*":
  version "1.9.3"
  resolved "https://registry.yarnpkg.com/@types/underscore/-/underscore-1.9.3.tgz#d7d9dc5a5ff76fa3d001b29bc7cc95ab0ccfe85e"
  integrity sha512-SwbHKB2DPIDlvYqtK5O+0LFtZAyrUSw4c0q+HWwmH1Ve3KMQ0/5PlV3RX97+3dP7yMrnNQ8/bCWWvQpPl03Mug==

compass-vertical-rhythm@^1.4.5:
  version "1.4.5"
  resolved "https://registry.yarnpkg.com/compass-vertical-rhythm/-/compass-vertical-rhythm-1.4.5.tgz#4baa8d7068fda164d3675d706775d7547e8750f5"
  integrity sha512-bJo3IYX7xmmZCDYjrT2XolaiNjGZ4E2JvUGxpdU0ecbH4ZLK786wvc8aHKVrGrKct9JlkmJbUi8YLrQWvOc+uA==
  dependencies:
    convert-css-length "^1.0.1"
    object-assign "^4.1.0"
    parse-unit "^1.0.1"

console-polyfill@^0.1.2:
  version "0.1.2"
  resolved "https://registry.yarnpkg.com/console-polyfill/-/console-polyfill-0.1.2.tgz#96cfed51caf78189f699572e6f18271dc37c0e30"
  integrity sha1-ls/tUcr3gYn2mVcubxgnHcN8DjA=

convert-css-length@^1.0.1:
  version "1.0.2"
  resolved "https://registry.yarnpkg.com/convert-css-length/-/convert-css-length-1.0.2.tgz#32f38a8ac55d78372ff43562532564366c871ccc"
  integrity sha512-ecV7j3hXyXN1X2XfJBzhMR0o1Obv0v3nHmn0UiS3ACENrzbxE/EknkiunS/fCwQva0U62X1GChi8GaPh4oTlLg==
  dependencies:
    console-polyfill "^0.1.2"
    parse-unit "^1.0.1"

decamelize@^1.2.0:
  version "1.2.0"
  resolved "https://registry.yarnpkg.com/decamelize/-/decamelize-1.2.0.tgz#f6534d15148269b20352e7bee26f501f9a191290"
  integrity sha1-9lNNFRSCabIDUue+4m9QH5oZEpA=

gray-percentage@^2.0.0:
  version "2.0.0"
  resolved "https://registry.yarnpkg.com/gray-percentage/-/gray-percentage-2.0.0.tgz#b72a274d1b1379104a0050b63b207dc53fe56f99"
  integrity sha1-tyonTRsTeRBKAFC2OyB9xT/lb5k=

lodash.isnumber@^3.0.0:
  version "3.0.3"
  resolved "https://registry.yarnpkg.com/lodash.isnumber/-/lodash.isnumber-3.0.3.tgz#3ce76810c5928d03352301ac287317f11c0b1ffc"
  integrity sha1-POdoEMWSjQM1IwGsKHMX8RwLH/w=

lodash@^4.13.1:
  version "4.17.15"
  resolved "https://registry.yarnpkg.com/lodash/-/lodash-4.17.15.tgz#b447f6670a0455bbfeedd11392eff330ea097548"
  integrity sha512-8xOcRHvCjnocdS5cpwXQXVzmmh5e5+saE2QGoeQmbKmRS6J3VQppPOIt0MnmE+4xlZoumy0GPG0D0MVIQbNA1A==

modularscale@^1.0.2:
  version "1.0.2"
  resolved "https://registry.yarnpkg.com/modularscale/-/modularscale-1.0.2.tgz#4a8f13af32a5e5214fc6e2cfc529064abfd7d877"
  integrity sha1-So8TrzKl5SFPxuLPxSkGSr/X2Hc=
  dependencies:
    lodash.isnumber "^3.0.0"

moment@^2.19.4:
  version "2.24.0"
  resolved "https://registry.yarnpkg.com/moment/-/moment-2.24.0.tgz#0d055d53f5052aa653c9f6eb68bb5d12bf5c2b5b"
  integrity sha512-bV7f+6l2QigeBBZSM/6yTNq4P2fNpSWj/0e7jQcy87A8e7o2nAfP/34/2ky5Vw4B9S446EtIhodAzkFCcR4dQg==

object-assign@^4.1.0:
  version "4.1.1"
  resolved "https://registry.yarnpkg.com/object-assign/-/object-assign-4.1.1.tgz#2109adc7965887cfc05cbbd442cac8bfbb360863"
  integrity sha1-IQmtx5ZYh8/AXLvUQsrIv7s2CGM=

parse-unit@^1.0.1:
  version "1.0.1"
  resolved "https://registry.yarnpkg.com/parse-unit/-/parse-unit-1.0.1.tgz#7e1bb6d5bef3874c28e392526a2541170291eecf"
  integrity sha1-fhu21b7zh0wo45JSaiVBFwKR7s8=

typography-normalize@^0.16.19:
  version "0.16.19"
  resolved "https://registry.yarnpkg.com/typography-normalize/-/typography-normalize-0.16.19.tgz#58e0cf12466870c5b27006daa051fe7307780660"
  integrity sha512-vtnSv/uGBZVbd4e/ZhZB9HKBgKKlWQUXw74+ADIHHxzKp27CEf8PSR8TX1zF2qSyQ9/qMdqLwXYz8yRQFq9JLQ==

typography@^0.16.19:
  version "0.16.19"
  resolved "https://registry.yarnpkg.com/typography/-/typography-0.16.19.tgz#092bf30a5a47495c955b54f40d3b55a7a9f28e8a"
  integrity sha512-zfsyjPPB1RaK8TzU3REta6EGDZa++YQ6g/CWw7hy/8xQK1qyzFWisMIw5J+Yg1KyiVgcchmxlgMcMA6JAJ9oew==
  dependencies:
    compass-vertical-rhythm "^1.4.5"
    decamelize "^1.2.0"
    gray-percentage "^2.0.0"
    lodash "^4.13.1"
    modularscale "^1.0.2"
    object-assign "^4.1.0"
    typography-normalize "^0.16.19"
